
Microsoft Visual Studio Solution File, Format Version 12.00
# Visual Studio Version 16
VisualStudioVersion = 16.0.31624.102
MinimumVisualStudioVersion = 10.0.40219.1
Project("{FAE04EC0-301F-11D3-BF4B-00C04F79EFBC}") = "Exerc_Programação", "Exerc_Programação\Exerc_Programação.csproj", "{A70578C7-9380-4ED2-9955-2B3C7FCD888F}"
EndProject
Global
	GlobalSection(SolutionConfigurationPlatforms) = preSolution
		Debug|Any CPU = Debug|Any CPU
		Release|Any CPU = Release|Any CPU
	EndGlobalSection
	GlobalSection(ProjectConfigurationPlatforms) = postSolution
		{A70578C7-9380-4ED2-9955-2B3C7FCD888F}.Debug|Any CPU.ActiveCfg = Debug|Any CPU
		{A70578C7-9380-4ED2-9955-2B3C7FCD888F}.Debug|Any CPU.Build.0 = Debug|Any CPU
		{A70578C7-9380-4ED2-9955-2B3C7FCD888F}.Release|Any CPU.ActiveCfg = Release|Any CPU
		{A70578C7-9380-4ED2-9955-2B3C7FCD888F}.Release|Any CPU.Build.0 = Release|Any CPU
	EndGlobalSection
	GlobalSection(SolutionProperties) = preSolution
		HideSolutionNode = FALSE
	EndGlobalSection
	GlobalSection(ExtensibilityGlobals) = postSolution
		SolutionGuid = {016606F1-4EFC-4260-B37D-03127C5B43F9}
	EndGlobalSection
EndGlobal
